
Microsoft Visual Studio Solution File, Format Version 12.00
# Visual Studio 15
VisualStudioVersion = 15.0.28307.852
MinimumVisualStudioVersion = 10.0.40219.1
Project("{E24C65DC-7377-472B-9ABA-BC803B73C61A}") = "G:", ".", "{ED881565-52A6-452B-86F1-791960BBD8D2}"
	ProjectSection(WebsiteProperties) = preProject
		TargetFrameworkMoniker = ".NETFramework,Version%3Dv4.7"
		Debug.AspNetCompiler.VirtualPath = "/localhost_63777"
		Debug.AspNetCompiler.PhysicalPath = "G:\"
		Debug.AspNetCompiler.TargetPath = "PrecompiledWeb\localhost_63777\"
		Debug.AspNetCompiler.Updateable = "true"
		Debug.AspNetCompiler.ForceOverwrite = "true"
		Debug.AspNetCompiler.FixedNames = "false"
		Debug.AspNetCompiler.Debug = "True"
		Release.AspNetCompiler.VirtualPath = "/localhost_63777"
		Release.AspNetCompiler.PhysicalPath = "G:\"
		Release.AspNetCompiler.TargetPath = "PrecompiledWeb\localhost_63777\"
		Release.AspNetCompiler.Updateable = "true"
		Release.AspNetCompiler.ForceOverwrite = "true"
		Release.AspNetCompiler.FixedNames = "false"
		Release.AspNetCompiler.Debug = "False"
		VWDPort = "63777"
		SlnRelativePath = "G:\"
	EndProjectSection
EndProject
Global
	GlobalSection(SolutionConfigurationPlatforms) = preSolution
		Debug|Any CPU = Debug|Any CPU
	EndGlobalSection
	GlobalSection(ProjectConfigurationPlatforms) = postSolution
		{ED881565-52A6-452B-86F1-791960BBD8D2}.Debug|Any CPU.ActiveCfg = Debug|Any CPU
		{ED881565-52A6-452B-86F1-791960BBD8D2}.Debug|Any CPU.Build.0 = Debug|Any CPU
	EndGlobalSection
	GlobalSection(SolutionProperties) = preSolution
		HideSolutionNode = FALSE
	EndGlobalSection
	GlobalSection(ExtensibilityGlobals) = postSolution
		SolutionGuid = {3486D755-5E73-453C-BC39-D0DD24FF2034}
	EndGlobalSection
EndGlobal
